
Microsoft Visual Studio Solution File, Format Version 12.00
# Visual Studio Version 16
VisualStudioVersion = 16.0.30717.126
MinimumVisualStudioVersion = 10.0.40219.1
Project("{FAE04EC0-301F-11D3-BF4B-00C04F79EFBC}") = "SampleProject.Core", "SampleProject.Core\SampleProject.Core.csproj", "{1679B3B9-2DE5-45C7-A476-E81C6DF30F5C}"
EndProject
Project("{FAE04EC0-301F-11D3-BF4B-00C04F79EFBC}") = "SampleProject.Data", "SampleProject.Data\SampleProject.Data.csproj", "{E6B3E229-8AC9-43BB-A1EA-4B61DC256DCD}"
EndProject
Project("{FAE04EC0-301F-11D3-BF4B-00C04F79EFBC}") = "SampleProject.Service", "SampleProject.Service\SampleProject.Service.csproj", "{EC8E0260-4745-4163-A4A4-59422A03D869}"
EndProject
Project("{FAE04EC0-301F-11D3-BF4B-00C04F79EFBC}") = "SampleProject.Api", "SampleProject.Api\SampleProject.Api.csproj", "{291CC23E-7A56-4B44-8BC5-12B8E0740D40}"
EndProject
Project("{FAE04EC0-301F-11D3-BF4B-00C04F79EFBC}") = "SampleProject.Test", "SampleProject.Test\SampleProject.Test.csproj", "{720EF012-E983-45D7-BC04-B3E633D366F8}"
EndProject
Global
	GlobalSection(SolutionConfigurationPlatforms) = preSolution
		Debug|Any CPU = Debug|Any CPU
		Release|Any CPU = Release|Any CPU
	EndGlobalSection
	GlobalSection(ProjectConfigurationPlatforms) = postSolution
		{1679B3B9-2DE5-45C7-A476-E81C6DF30F5C}.Debug|Any CPU.ActiveCfg = Debug|Any CPU
		{1679B3B9-2DE5-45C7-A476-E81C6DF30F5C}.Debug|Any CPU.Build.0 = Debug|Any CPU
		{1679B3B9-2DE5-45C7-A476-E81C6DF30F5C}.Release|Any CPU.ActiveCfg = Release|Any CPU
		{1679B3B9-2DE5-45C7-A476-E81C6DF30F5C}.Release|Any CPU.Build.0 = Release|Any CPU
		{E6B3E229-8AC9-43BB-A1EA-4B61DC256DCD}.Debug|Any CPU.ActiveCfg = Debug|Any CPU
		{E6B3E229-8AC9-43BB-A1EA-4B61DC256DCD}.Debug|Any CPU.Build.0 = Debug|Any CPU
		{E6B3E229-8AC9-43BB-A1EA-4B61DC256DCD}.Release|Any CPU.ActiveCfg = Release|Any CPU
		{E6B3E229-8AC9-43BB-A1EA-4B61DC256DCD}.Release|Any CPU.Build.0 = Release|Any CPU
		{EC8E0260-4745-4163-A4A4-59422A03D869}.Debug|Any CPU.ActiveCfg = Debug|Any CPU
		{EC8E0260-4745-4163-A4A4-59422A03D869}.Debug|Any CPU.Build.0 = Debug|Any CPU
		{EC8E0260-4745-4163-A4A4-59422A03D869}.Release|Any CPU.ActiveCfg = Release|Any CPU
		{EC8E0260-4745-4163-A4A4-59422A03D869}.Release|Any CPU.Build.0 = Release|Any CPU
		{291CC23E-7A56-4B44-8BC5-12B8E0740D40}.Debug|Any CPU.ActiveCfg = Debug|Any CPU
		{291CC23E-7A56-4B44-8BC5-12B8E0740D40}.Debug|Any CPU.Build.0 = Debug|Any CPU
		{291CC23E-7A56-4B44-8BC5-12B8E0740D40}.Release|Any CPU.ActiveCfg = Release|Any CPU
		{291CC23E-7A56-4B44-8BC5-12B8E0740D40}.Release|Any CPU.Build.0 = Release|Any CPU
		{720EF012-E983-45D7-BC04-B3E633D366F8}.Debug|Any CPU.ActiveCfg = Debug|Any CPU
		{720EF012-E983-45D7-BC04-B3E633D366F8}.Debug|Any CPU.Build.0 = Debug|Any CPU
		{720EF012-E983-45D7-BC04-B3E633D366F8}.Release|Any CPU.ActiveCfg = Release|Any CPU
		{720EF012-E983-45D7-BC04-B3E633D366F8}.Release|Any CPU.Build.0 = Release|Any CPU
	EndGlobalSection
	GlobalSection(SolutionProperties) = preSolution
		HideSolutionNode = FALSE
	EndGlobalSection
	GlobalSection(ExtensibilityGlobals) = postSolution
		SolutionGuid = {D452E339-2926-4C3F-878C-F366B12A87F0}
	EndGlobalSection
EndGlobal
